
Microsoft Visual Studio Solution File, Format Version 12.00
# Visual Studio Version 16
VisualStudioVersion = 16.0.31515.178
MinimumVisualStudioVersion = 10.0.40219.1
Project("{9A19103F-16F7-4668-BE54-9A1E7A4F7556}") = "Business", "Business\Business.csproj", "{D1687142-BAA9-41B9-B473-C78BDEE19F96}"
EndProject
Project("{9A19103F-16F7-4668-BE54-9A1E7A4F7556}") = "Entity", "Entity\Entity.csproj", "{15A035F0-A038-4AB1-BC27-4A6DEA88FAF5}"
EndProject
Project("{9A19103F-16F7-4668-BE54-9A1E7A4F7556}") = "DataAccess", "DataAccess\DataAccess.csproj", "{DD029790-E505-4C15-B663-B3D9043D4C61}"
EndProject
Project("{9A19103F-16F7-4668-BE54-9A1E7A4F7556}") = "Core", "Core\Core.csproj", "{EDE8ECF7-D44A-4942-915C-5D0EE4534A12}"
EndProject
Project("{FAE04EC0-301F-11D3-BF4B-00C04F79EFBC}") = "WebUI", "WebUI\WebUI.csproj", "{D26C4E14-A95A-4E8C-87A9-63B6572DBA3D}"
EndProject
Global
	GlobalSection(SolutionConfigurationPlatforms) = preSolution
		Debug|Any CPU = Debug|Any CPU
		Release|Any CPU = Release|Any CPU
	EndGlobalSection
	GlobalSection(ProjectConfigurationPlatforms) = postSolution
		{D1687142-BAA9-41B9-B473-C78BDEE19F96}.Debug|Any CPU.ActiveCfg = Debug|Any CPU
		{D1687142-BAA9-41B9-B473-C78BDEE19F96}.Debug|Any CPU.Build.0 = Debug|Any CPU
		{D1687142-BAA9-41B9-B473-C78BDEE19F96}.Release|Any CPU.ActiveCfg = Release|Any CPU
		{D1687142-BAA9-41B9-B473-C78BDEE19F96}.Release|Any CPU.Build.0 = Release|Any CPU
		{15A035F0-A038-4AB1-BC27-4A6DEA88FAF5}.Debug|Any CPU.ActiveCfg = Debug|Any CPU
		{15A035F0-A038-4AB1-BC27-4A6DEA88FAF5}.Debug|Any CPU.Build.0 = Debug|Any CPU
		{15A035F0-A038-4AB1-BC27-4A6DEA88FAF5}.Release|Any CPU.ActiveCfg = Release|Any CPU
		{15A035F0-A038-4AB1-BC27-4A6DEA88FAF5}.Release|Any CPU.Build.0 = Release|Any CPU
		{DD029790-E505-4C15-B663-B3D9043D4C61}.Debug|Any CPU.ActiveCfg = Debug|Any CPU
		{DD029790-E505-4C15-B663-B3D9043D4C61}.Debug|Any CPU.Build.0 = Debug|Any CPU
		{DD029790-E505-4C15-B663-B3D9043D4C61}.Release|Any CPU.ActiveCfg = Release|Any CPU
		{DD029790-E505-4C15-B663-B3D9043D4C61}.Release|Any CPU.Build.0 = Release|Any CPU
		{EDE8ECF7-D44A-4942-915C-5D0EE4534A12}.Debug|Any CPU.ActiveCfg = Debug|Any CPU
		{EDE8ECF7-D44A-4942-915C-5D0EE4534A12}.Debug|Any CPU.Build.0 = Debug|Any CPU
		{EDE8ECF7-D44A-4942-915C-5D0EE4534A12}.Release|Any CPU.ActiveCfg = Release|Any CPU
		{EDE8ECF7-D44A-4942-915C-5D0EE4534A12}.Release|Any CPU.Build.0 = Release|Any CPU
		{D26C4E14-A95A-4E8C-87A9-63B6572DBA3D}.Debug|Any CPU.ActiveCfg = Debug|Any CPU
		{D26C4E14-A95A-4E8C-87A9-63B6572DBA3D}.Debug|Any CPU.Build.0 = Debug|Any CPU
		{D26C4E14-A95A-4E8C-87A9-63B6572DBA3D}.Release|Any CPU.ActiveCfg = Release|Any CPU
		{D26C4E14-A95A-4E8C-87A9-63B6572DBA3D}.Release|Any CPU.Build.0 = Release|Any CPU
	EndGlobalSection
	GlobalSection(SolutionProperties) = preSolution
		HideSolutionNode = FALSE
	EndGlobalSection
	GlobalSection(ExtensibilityGlobals) = postSolution
		SolutionGuid = {DD05F457-BC13-4283-B612-39EFBBD2848C}
	EndGlobalSection
EndGlobal
